# This file is automatically @generated by Cargo.
# It is not intended for manual editing.
[[package]]
name = "day01"
version = "0.1.0"
dependencies = [
 "mkz_aoc",
]

[[package]]
name = "mkz_aoc"
version = "0.1.0"
source = "git+https://git.mkz.me/mycroft/mkz_aoc.git#a4f69cc2c251c9498537e15ff1903d52be5ee523"
