# This file is automatically @generated by Cargo.
# It is not intended for manual editing.
[[package]]
name = "day10"
version = "0.1.0"
dependencies = [
 "mkz_aoc",
]

[[package]]
name = "mkz_aoc"
version = "0.1.0"
source = "git+https://git.mkz.me/mycroft/mkz_aoc.git#85309f05b5f4f7bc366c1ab34cec158c5a9b2e0d"
